// !$*UTF8*$!
{
	archiveVersion = 1;
	classes = {
	};
	objectVersion = 56;
	objects = {

/* Begin PBXBuildFile section */
		ECFD59702A421392009E90F9 /* AppDelegate.swift in Sources */ = {isa = PBXBuildFile; fileRef = ECFD596F2A421392009E90F9 /* AppDelegate.swift */; };
		ECFD59722A421392009E90F9 /* SceneDelegate.swift in Sources */ = {isa = PBXBuildFile; fileRef = ECFD59712A421392009E90F9 /* SceneDelegate.swift */; };
		ECFD59772A421392009E90F9 /* Main.storyboard in Resources */ = {isa = PBXBuildFile; fileRef = ECFD59752A421392009E90F9 /* Main.storyboard */; };
		ECFD59792A421394009E90F9 /* Assets.xcassets in Resources */ = {isa = PBXBuildFile; fileRef = ECFD59782A421394009E90F9 /* Assets.xcassets */; };
		ECFD597C2A421394009E90F9 /* LaunchScreen.storyboard in Resources */ = {isa = PBXBuildFile; fileRef = ECFD597A2A421394009E90F9 /* LaunchScreen.storyboard */; };
		ECFD59852A4213F2009E90F9 /* Realm in Frameworks */ = {isa = PBXBuildFile; productRef = ECFD59842A4213F2009E90F9 /* Realm */; };
		ECFD59872A4213F2009E90F9 /* RealmSwift in Frameworks */ = {isa = PBXBuildFile; productRef = ECFD59862A4213F2009E90F9 /* RealmSwift */; };
		ECFD598B2A422481009E90F9 /* JokesRealmService.swift in Sources */ = {isa = PBXBuildFile; fileRef = ECFD598A2A422481009E90F9 /* JokesRealmService.swift */; };
		ECFD598D2A4224B0009E90F9 /* NetworkService.swift in Sources */ = {isa = PBXBuildFile; fileRef = ECFD598C2A4224B0009E90F9 /* NetworkService.swift */; };
		ECFD59902A42E725009E90F9 /* Joke.swift in Sources */ = {isa = PBXBuildFile; fileRef = ECFD598F2A42E725009E90F9 /* Joke.swift */; };
		ECFD59922A42ECCF009E90F9 /* LoadJokeViewController.swift in Sources */ = {isa = PBXBuildFile; fileRef = ECFD59912A42ECCF009E90F9 /* LoadJokeViewController.swift */; };
		ECFD59952A42F136009E90F9 /* UIViewController+PresentAlert.swift in Sources */ = {isa = PBXBuildFile; fileRef = ECFD59942A42F136009E90F9 /* UIViewController+PresentAlert.swift */; };
		ECFD59972A449D49009E90F9 /* AllJokesTableController.swift in Sources */ = {isa = PBXBuildFile; fileRef = ECFD59962A449D49009E90F9 /* AllJokesTableController.swift */; };
		ECFD59992A44B577009E90F9 /* CategoriesTableController.swift in Sources */ = {isa = PBXBuildFile; fileRef = ECFD59982A44B577009E90F9 /* CategoriesTableController.swift */; };
		ECFD599B2A44D812009E90F9 /* CategoryTableController.swift in Sources */ = {isa = PBXBuildFile; fileRef = ECFD599A2A44D812009E90F9 /* CategoryTableController.swift */; };
/* End PBXBuildFile section */

/* Begin PBXFileReference section */
		ECFD596C2A421392009E90F9 /* ChuckieJokes.app */ = {isa = PBXFileReference; explicitFileType = wrapper.application; includeInIndex = 0; path = ChuckieJokes.app; sourceTree = BUILT_PRODUCTS_DIR; };
		ECFD596F2A421392009E90F9 /* AppDelegate.swift */ = {isa = PBXFileReference; lastKnownFileType = sourcecode.swift; path = AppDelegate.swift; sourceTree = "<group>"; };
		ECFD59712A421392009E90F9 /* SceneDelegate.swift */ = {isa = PBXFileReference; lastKnownFileType = sourcecode.swift; path = SceneDelegate.swift; sourceTree = "<group>"; };
		ECFD59762A421392009E90F9 /* Base */ = {isa = PBXFileReference; lastKnownFileType = file.storyboard; name = Base; path = Base.lproj/Main.storyboard; sourceTree = "<group>"; };
		ECFD59782A421394009E90F9 /* Assets.xcassets */ = {isa = PBXFileReference; lastKnownFileType = folder.assetcatalog; path = Assets.xcassets; sourceTree = "<group>"; };
		ECFD597B2A421394009E90F9 /* Base */ = {isa = PBXFileReference; lastKnownFileType = file.storyboard; name = Base; path = Base.lproj/LaunchScreen.storyboard; sourceTree = "<group>"; };
		ECFD597D2A421394009E90F9 /* Info.plist */ = {isa = PBXFileReference; lastKnownFileType = text.plist.xml; path = Info.plist; sourceTree = "<group>"; };
		ECFD598A2A422481009E90F9 /* JokesRealmService.swift */ = {isa = PBXFileReference; lastKnownFileType = sourcecode.swift; path = JokesRealmService.swift; sourceTree = "<group>"; };
		ECFD598C2A4224B0009E90F9 /* NetworkService.swift */ = {isa = PBXFileReference; lastKnownFileType = sourcecode.swift; path = NetworkService.swift; sourceTree = "<group>"; };
		ECFD598F2A42E725009E90F9 /* Joke.swift */ = {isa = PBXFileReference; lastKnownFileType = sourcecode.swift; path = Joke.swift; sourceTree = "<group>"; };
		ECFD59912A42ECCF009E90F9 /* LoadJokeViewController.swift */ = {isa = PBXFileReference; lastKnownFileType = sourcecode.swift; path = LoadJokeViewController.swift; sourceTree = "<group>"; };
		ECFD59942A42F136009E90F9 /* UIViewController+PresentAlert.swift */ = {isa = PBXFileReference; lastKnownFileType = sourcecode.swift; path = "UIViewController+PresentAlert.swift"; sourceTree = "<group>"; };
		ECFD59962A449D49009E90F9 /* AllJokesTableController.swift */ = {isa = PBXFileReference; lastKnownFileType = sourcecode.swift; path = AllJokesTableController.swift; sourceTree = "<group>"; };
		ECFD59982A44B577009E90F9 /* CategoriesTableController.swift */ = {isa = PBXFileReference; lastKnownFileType = sourcecode.swift; path = CategoriesTableController.swift; sourceTree = "<group>"; };
		ECFD599A2A44D812009E90F9 /* CategoryTableController.swift */ = {isa = PBXFileReference; lastKnownFileType = sourcecode.swift; path = CategoryTableController.swift; sourceTree = "<group>"; };
/* End PBXFileReference section */

/* Begin PBXFrameworksBuildPhase section */
		ECFD59692A421392009E90F9 /* Frameworks */ = {
			isa = PBXFrameworksBuildPhase;
			buildActionMask = 2147483647;
			files = (
				ECFD59872A4213F2009E90F9 /* RealmSwift in Frameworks */,
				ECFD59852A4213F2009E90F9 /* Realm in Frameworks */,
			);
			runOnlyForDeploymentPostprocessing = 0;
		};
/* End PBXFrameworksBuildPhase section */

/* Begin PBXGroup section */
		ECFD59632A421392009E90F9 = {
			isa = PBXGroup;
			children = (
				ECFD596E2A421392009E90F9 /* ChuckieJokes */,
				ECFD596D2A421392009E90F9 /* Products */,
			);
			sourceTree = "<group>";
		};
		ECFD596D2A421392009E90F9 /* Products */ = {
			isa = PBXGroup;
			children = (
				ECFD596C2A421392009E90F9 /* ChuckieJokes.app */,
			);
			name = Products;
			sourceTree = "<group>";
		};
		ECFD596E2A421392009E90F9 /* ChuckieJokes */ = {
			isa = PBXGroup;
			children = (
				ECFD59882A422461009E90F9 /* App */,
				ECFD59932A42F0F9009E90F9 /* Extensions */,
				ECFD598E2A42E718009E90F9 /* Models */,
				ECFD59892A42246F009E90F9 /* Services */,
				ECFD59912A42ECCF009E90F9 /* LoadJokeViewController.swift */,
				ECFD59962A449D49009E90F9 /* AllJokesTableController.swift */,
				ECFD59752A421392009E90F9 /* Main.storyboard */,
				ECFD59782A421394009E90F9 /* Assets.xcassets */,
				ECFD597A2A421394009E90F9 /* LaunchScreen.storyboard */,
				ECFD597D2A421394009E90F9 /* Info.plist */,
				ECFD59982A44B577009E90F9 /* CategoriesTableController.swift */,
				ECFD599A2A44D812009E90F9 /* CategoryTableController.swift */,
			);
			path = ChuckieJokes;
			sourceTree = "<group>";
		};
		ECFD59882A422461009E90F9 /* App */ = {
			isa = PBXGroup;
			children = (
				ECFD596F2A421392009E90F9 /* AppDelegate.swift */,
				ECFD59712A421392009E90F9 /* SceneDelegate.swift */,
			);
			path = App;
			sourceTree = "<group>";
		};
		ECFD59892A42246F009E90F9 /* Services */ = {
			isa = PBXGroup;
			children = (
				ECFD598A2A422481009E90F9 /* JokesRealmService.swift */,
				ECFD598C2A4224B0009E90F9 /* NetworkService.swift */,
			);
			path = Services;
			sourceTree = "<group>";
		};
		ECFD598E2A42E718009E90F9 /* Models */ = {
			isa = PBXGroup;
			children = (
				ECFD598F2A42E725009E90F9 /* Joke.swift */,
			);
			path = Models;
			sourceTree = "<group>";
		};
		ECFD59932A42F0F9009E90F9 /* Extensions */ = {
			isa = PBXGroup;
			children = (
				ECFD59942A42F136009E90F9 /* UIViewController+PresentAlert.swift */,
			);
			path = Extensions;
			sourceTree = "<group>";
		};
/* End PBXGroup section */

/* Begin PBXNativeTarget section */
		ECFD596B2A421392009E90F9 /* ChuckieJokes */ = {
			isa = PBXNativeTarget;
			buildConfigurationList = ECFD59802A421394009E90F9 /* Build configuration list for PBXNativeTarget "ChuckieJokes" */;
			buildPhases = (
				ECFD59682A421392009E90F9 /* Sources */,
				ECFD59692A421392009E90F9 /* Frameworks */,
				ECFD596A2A421392009E90F9 /* Resources */,
			);
			buildRules = (
			);
			dependencies = (
			);
			name = ChuckieJokes;
			packageProductDependencies = (
				ECFD59842A4213F2009E90F9 /* Realm */,
				ECFD59862A4213F2009E90F9 /* RealmSwift */,
			);
			productName = ChuckieJokes;
			productReference = ECFD596C2A421392009E90F9 /* ChuckieJokes.app */;
			productType = "com.apple.product-type.application";
		};
/* End PBXNativeTarget section */

/* Begin PBXProject section */
		ECFD59642A421392009E90F9 /* Project object */ = {
			isa = PBXProject;
			attributes = {
				BuildIndependentTargetsInParallel = 1;
				LastSwiftUpdateCheck = 1430;
				LastUpgradeCheck = 1430;
				TargetAttributes = {
					ECFD596B2A421392009E90F9 = {
						CreatedOnToolsVersion = 14.3.1;
					};
				};
			};
			buildConfigurationList = ECFD59672A421392009E90F9 /* Build configuration list for PBXProject "ChuckieJokes" */;
			compatibilityVersion = "Xcode 14.0";
			developmentRegion = en;
			hasScannedForEncodings = 0;
			knownRegions = (
				en,
				Base,
			);
			mainGroup = ECFD59632A421392009E90F9;
			packageReferences = (
				ECFD59832A4213F2009E90F9 /* XCRemoteSwiftPackageReference "realm-swift" */,
			);
			productRefGroup = ECFD596D2A421392009E90F9 /* Products */;
			projectDirPath = "";
			projectRoot = "";
			targets = (
				ECFD596B2A421392009E90F9 /* ChuckieJokes */,
			);
		};
/* End PBXProject section */

/* Begin PBXResourcesBuildPhase section */
		ECFD596A2A421392009E90F9 /* Resources */ = {
			isa = PBXResourcesBuildPhase;
			buildActionMask = 2147483647;
			files = (
				ECFD597C2A421394009E90F9 /* LaunchScreen.storyboard in Resources */,
				ECFD59792A421394009E90F9 /* Assets.xcassets in Resources */,
				ECFD59772A421392009E90F9 /* Main.storyboard in Resources */,
			);
			runOnlyForDeploymentPostprocessing = 0;
		};
/* End PBXResourcesBuildPhase section */

/* Begin PBXSourcesBuildPhase section */
		ECFD59682A421392009E90F9 /* Sources */ = {
			isa = PBXSourcesBuildPhase;
			buildActionMask = 2147483647;
			files = (
				ECFD599B2A44D812009E90F9 /* CategoryTableController.swift in Sources */,
				ECFD59952A42F136009E90F9 /* UIViewController+PresentAlert.swift in Sources */,
				ECFD59972A449D49009E90F9 /* AllJokesTableController.swift in Sources */,
				ECFD598D2A4224B0009E90F9 /* NetworkService.swift in Sources */,
				ECFD59902A42E725009E90F9 /* Joke.swift in Sources */,
				ECFD59702A421392009E90F9 /* AppDelegate.swift in Sources */,
				ECFD59922A42ECCF009E90F9 /* LoadJokeViewController.swift in Sources */,
				ECFD59722A421392009E90F9 /* SceneDelegate.swift in Sources */,
				ECFD598B2A422481009E90F9 /* JokesRealmService.swift in Sources */,
				ECFD59992A44B577009E90F9 /* CategoriesTableController.swift in Sources */,
			);
			runOnlyForDeploymentPostprocessing = 0;
		};
/* End PBXSourcesBuildPhase section */

/* Begin PBXVariantGroup section */
		ECFD59752A421392009E90F9 /* Main.storyboard */ = {
			isa = PBXVariantGroup;
			children = (
				ECFD59762A421392009E90F9 /* Base */,
			);
			name = Main.storyboard;
			sourceTree = "<group>";
		};
		ECFD597A2A421394009E90F9 /* LaunchScreen.storyboard */ = {
			isa = PBXVariantGroup;
			children = (
				ECFD597B2A421394009E90F9 /* Base */,
			);
			name = LaunchScreen.storyboard;
			sourceTree = "<group>";
		};
/* End PBXVariantGroup section */

/* Begin XCBuildConfiguration section */
		ECFD597E2A421394009E90F9 /* Debug */ = {
			isa = XCBuildConfiguration;
			buildSettings = {
				ALWAYS_SEARCH_USER_PATHS = NO;
				CLANG_ANALYZER_NONNULL = YES;
				CLANG_ANALYZER_NUMBER_OBJECT_CONVERSION = YES_AGGRESSIVE;
				CLANG_CXX_LANGUAGE_STANDARD = "gnu++20";
				CLANG_ENABLE_MODULES = YES;
				CLANG_ENABLE_OBJC_ARC = YES;
				CLANG_ENABLE_OBJC_WEAK = YES;
				CLANG_WARN_BLOCK_CAPTURE_AUTORELEASING = YES;
				CLANG_WARN_BOOL_CONVERSION = YES;
				CLANG_WARN_COMMA = YES;
				CLANG_WARN_CONSTANT_CONVERSION = YES;
				CLANG_WARN_DEPRECATED_OBJC_IMPLEMENTATIONS = YES;
				CLANG_WARN_DIRECT_OBJC_ISA_USAGE = YES_ERROR;
				CLANG_WARN_DOCUMENTATION_COMMENTS = YES;
				CLANG_WARN_EMPTY_BODY = YES;
				CLANG_WARN_ENUM_CONVERSION = YES;
				CLANG_WARN_INFINITE_RECURSION = YES;
				CLANG_WARN_INT_CONVERSION = YES;
				CLANG_WARN_NON_LITERAL_NULL_CONVERSION = YES;
				CLANG_WARN_OBJC_IMPLICIT_RETAIN_SELF = YES;
				CLANG_WARN_OBJC_LITERAL_CONVERSION = YES;
				CLANG_WARN_OBJC_ROOT_CLASS = YES_ERROR;
				CLANG_WARN_QUOTED_INCLUDE_IN_FRAMEWORK_HEADER = YES;
				CLANG_WARN_RANGE_LOOP_ANALYSIS = YES;
				CLANG_WARN_STRICT_PROTOTYPES = YES;
				CLANG_WARN_SUSPICIOUS_MOVE = YES;
				CLANG_WARN_UNGUARDED_AVAILABILITY = YES_AGGRESSIVE;
				CLANG_WARN_UNREACHABLE_CODE = YES;
				CLANG_WARN__DUPLICATE_METHOD_MATCH = YES;
				COPY_PHASE_STRIP = NO;
				DEBUG_INFORMATION_FORMAT = dwarf;
				ENABLE_STRICT_OBJC_MSGSEND = YES;
				ENABLE_TESTABILITY = YES;
				GCC_C_LANGUAGE_STANDARD = gnu11;
				GCC_DYNAMIC_NO_PIC = NO;
				GCC_NO_COMMON_BLOCKS = YES;
				GCC_OPTIMIZATION_LEVEL = 0;
				GCC_PREPROCESSOR_DEFINITIONS = (
					"DEBUG=1",
					"$(inherited)",
				);
				GCC_WARN_64_TO_32_BIT_CONVERSION = YES;
				GCC_WARN_ABOUT_RETURN_TYPE = YES_ERROR;
				GCC_WARN_UNDECLARED_SELECTOR = YES;
				GCC_WARN_UNINITIALIZED_AUTOS = YES_AGGRESSIVE;
				GCC_WARN_UNUSED_FUNCTION = YES;
				GCC_WARN_UNUSED_VARIABLE = YES;
				IPHONEOS_DEPLOYMENT_TARGET = 16.4;
				MTL_ENABLE_DEBUG_INFO = INCLUDE_SOURCE;
				MTL_FAST_MATH = YES;
				ONLY_ACTIVE_ARCH = YES;
				SDKROOT = iphoneos;
				SWIFT_ACTIVE_COMPILATION_CONDITIONS = DEBUG;
				SWIFT_OPTIMIZATION_LEVEL = "-Onone";
			};
			name = Debug;
		};
		ECFD597F2A421394009E90F9 /* Release */ = {
			isa = XCBuildConfiguration;
			buildSettings = {
				ALWAYS_SEARCH_USER_PATHS = NO;
				CLANG_ANALYZER_NONNULL = YES;
				CLANG_ANALYZER_NUMBER_OBJECT_CONVERSION = YES_AGGRESSIVE;
				CLANG_CXX_LANGUAGE_STANDARD = "gnu++20";
				CLANG_ENABLE_MODULES = YES;
				CLANG_ENABLE_OBJC_ARC = YES;
				CLANG_ENABLE_OBJC_WEAK = YES;
				CLANG_WARN_BLOCK_CAPTURE_AUTORELEASING = YES;
				CLANG_WARN_BOOL_CONVERSION = YES;
				CLANG_WARN_COMMA = YES;
				CLANG_WARN_CONSTANT_CONVERSION = YES;
				CLANG_WARN_DEPRECATED_OBJC_IMPLEMENTATIONS = YES;
				CLANG_WARN_DIRECT_OBJC_ISA_USAGE = YES_ERROR;
				CLANG_WARN_DOCUMENTATION_COMMENTS = YES;
				CLANG_WARN_EMPTY_BODY = YES;
				CLANG_WARN_ENUM_CONVERSION = YES;
				CLANG_WARN_INFINITE_RECURSION = YES;
				CLANG_WARN_INT_CONVERSION = YES;
				CLANG_WARN_NON_LITERAL_NULL_CONVERSION = YES;
				CLANG_WARN_OBJC_IMPLICIT_RETAIN_SELF = YES;
				CLANG_WARN_OBJC_LITERAL_CONVERSION = YES;
				CLANG_WARN_OBJC_ROOT_CLASS = YES_ERROR;
				CLANG_WARN_QUOTED_INCLUDE_IN_FRAMEWORK_HEADER = YES;
				CLANG_WARN_RANGE_LOOP_ANALYSIS = YES;
				CLANG_WARN_STRICT_PROTOTYPES = YES;
				CLANG_WARN_SUSPICIOUS_MOVE = YES;
				CLANG_WARN_UNGUARDED_AVAILABILITY = YES_AGGRESSIVE;
				CLANG_WARN_UNREACHABLE_CODE = YES;
				CLANG_WARN__DUPLICATE_METHOD_MATCH = YES;
				COPY_PHASE_STRIP = NO;
				DEBUG_INFORMATION_FORMAT = "dwarf-with-dsym";
				ENABLE_NS_ASSERTIONS = NO;
				ENABLE_STRICT_OBJC_MSGSEND = YES;
				GCC_C_LANGUAGE_STANDARD = gnu11;
				GCC_NO_COMMON_BLOCKS = YES;
				GCC_WARN_64_TO_32_BIT_CONVERSION = YES;
				GCC_WARN_ABOUT_RETURN_TYPE = YES_ERROR;
				GCC_WARN_UNDECLARED_SELECTOR = YES;
				GCC_WARN_UNINITIALIZED_AUTOS = YES_AGGRESSIVE;
				GCC_WARN_UNUSED_FUNCTION = YES;
				GCC_WARN_UNUSED_VARIABLE = YES;
				IPHONEOS_DEPLOYMENT_TARGET = 16.4;
				MTL_ENABLE_DEBUG_INFO = NO;
				MTL_FAST_MATH = YES;
				SDKROOT = iphoneos;
				SWIFT_COMPILATION_MODE = wholemodule;
				SWIFT_OPTIMIZATION_LEVEL = "-O";
				VALIDATE_PRODUCT = YES;
			};
			name = Release;
		};
		ECFD59812A421394009E90F9 /* Debug */ = {
			isa = XCBuildConfiguration;
			buildSettings = {
				ASSETCATALOG_COMPILER_APPICON_NAME = AppIcon;
				ASSETCATALOG_COMPILER_GLOBAL_ACCENT_COLOR_NAME = AccentColor;
				CODE_SIGN_STYLE = Automatic;
				CURRENT_PROJECT_VERSION = 1;
				DEVELOPMENT_TEAM = 6RRYH7RTN7;
				GENERATE_INFOPLIST_FILE = YES;
				INFOPLIST_FILE = ChuckieJokes/Info.plist;
				INFOPLIST_KEY_UIApplicationSupportsIndirectInputEvents = YES;
				INFOPLIST_KEY_UILaunchStoryboardName = LaunchScreen;
				INFOPLIST_KEY_UIMainStoryboardFile = Main;
				INFOPLIST_KEY_UISupportedInterfaceOrientations_iPad = "UIInterfaceOrientationPortrait UIInterfaceOrientationPortraitUpsideDown UIInterfaceOrientationLandscapeLeft UIInterfaceOrientationLandscapeRight";
				INFOPLIST_KEY_UISupportedInterfaceOrientations_iPhone = "UIInterfaceOrientationPortrait UIInterfaceOrientationLandscapeLeft UIInterfaceOrientationLandscapeRight";
				LD_RUNPATH_SEARCH_PATHS = (
					"$(inherited)",
					"@executable_path/Frameworks",
				);
				MARKETING_VERSION = 1.0;
				PRODUCT_BUNDLE_IDENTIFIER = lyapin.dev.ChuckieJokes;
				PRODUCT_NAME = "$(TARGET_NAME)";
				SWIFT_EMIT_LOC_STRINGS = YES;
				SWIFT_VERSION = 5.0;
				TARGETED_DEVICE_FAMILY = "1,2";
			};
			name = Debug;
		};
		ECFD59822A421394009E90F9 /* Release */ = {
			isa = XCBuildConfiguration;
			buildSettings = {
				ASSETCATALOG_COMPILER_APPICON_NAME = AppIcon;
				ASSETCATALOG_COMPILER_GLOBAL_ACCENT_COLOR_NAME = AccentColor;
				CODE_SIGN_STYLE = Automatic;
				CURRENT_PROJECT_VERSION = 1;
				DEVELOPMENT_TEAM = 6RRYH7RTN7;
				GENERATE_INFOPLIST_FILE = YES;
				INFOPLIST_FILE = ChuckieJokes/Info.plist;
				INFOPLIST_KEY_UIApplicationSupportsIndirectInputEvents = YES;
				INFOPLIST_KEY_UILaunchStoryboardName = LaunchScreen;
				INFOPLIST_KEY_UIMainStoryboardFile = Main;
				INFOPLIST_KEY_UISupportedInterfaceOrientations_iPad = "UIInterfaceOrientationPortrait UIInterfaceOrientationPortraitUpsideDown UIInterfaceOrientationLandscapeLeft UIInterfaceOrientationLandscapeRight";
				INFOPLIST_KEY_UISupportedInterfaceOrientations_iPhone = "UIInterfaceOrientationPortrait UIInterfaceOrientationLandscapeLeft UIInterfaceOrientationLandscapeRight";
				LD_RUNPATH_SEARCH_PATHS = (
					"$(inherited)",
					"@executable_path/Frameworks",
				);
				MARKETING_VERSION = 1.0;
				PRODUCT_BUNDLE_IDENTIFIER = lyapin.dev.ChuckieJokes;
				PRODUCT_NAME = "$(TARGET_NAME)";
				SWIFT_EMIT_LOC_STRINGS = YES;
				SWIFT_VERSION = 5.0;
				TARGETED_DEVICE_FAMILY = "1,2";
			};
			name = Release;
		};
/* End XCBuildConfiguration section */

/* Begin XCConfigurationList section */
		ECFD59672A421392009E90F9 /* Build configuration list for PBXProject "ChuckieJokes" */ = {
			isa = XCConfigurationList;
			buildConfigurations = (
				ECFD597E2A421394009E90F9 /* Debug */,
				ECFD597F2A421394009E90F9 /* Release */,
			);
			defaultConfigurationIsVisible = 0;
			defaultConfigurationName = Release;
		};
		ECFD59802A421394009E90F9 /* Build configuration list for PBXNativeTarget "ChuckieJokes" */ = {
			isa = XCConfigurationList;
			buildConfigurations = (
				ECFD59812A421394009E90F9 /* Debug */,
				ECFD59822A421394009E90F9 /* Release */,
			);
			defaultConfigurationIsVisible = 0;
			defaultConfigurationName = Release;
		};
/* End XCConfigurationList section */

/* Begin XCRemoteSwiftPackageReference section */
		ECFD59832A4213F2009E90F9 /* XCRemoteSwiftPackageReference "realm-swift" */ = {
			isa = XCRemoteSwiftPackageReference;
			repositoryURL = "https://github.com/realm/realm-swift.git";
			requirement = {
				branch = master;
				kind = branch;
			};
		};
/* End XCRemoteSwiftPackageReference section */

/* Begin XCSwiftPackageProductDependency section */
		ECFD59842A4213F2009E90F9 /* Realm */ = {
			isa = XCSwiftPackageProductDependency;
			package = ECFD59832A4213F2009E90F9 /* XCRemoteSwiftPackageReference "realm-swift" */;
			productName = Realm;
		};
		ECFD59862A4213F2009E90F9 /* RealmSwift */ = {
			isa = XCSwiftPackageProductDependency;
			package = ECFD59832A4213F2009E90F9 /* XCRemoteSwiftPackageReference "realm-swift" */;
			productName = RealmSwift;
		};
/* End XCSwiftPackageProductDependency section */
	};
	rootObject = ECFD59642A421392009E90F9 /* Project object */;
}
